
Microsoft Visual Studio Solution File, Format Version 12.00
# Visual Studio Version 17
VisualStudioVersion = 17.2.32616.157
MinimumVisualStudioVersion = 10.0.40219.1
Project("{FAE04EC0-301F-11D3-BF4B-00C04F79EFBC}") = "MultiTenant_DatabasePerTenant", "MultiTenant_DatabasePerTenant\MultiTenant_DatabasePerTenant.csproj", "{B2F3674D-ADA3-4103-8162-4EA10A2CEA2E}"
EndProject
Project("{FAE04EC0-301F-11D3-BF4B-00C04F79EFBC}") = "MultiTenant_OneDatabseForAllTenants", "MultiTenant_OneDatabseForAllTenants\MultiTenant_OneDatabseForAllTenants.csproj", "{A6CB21B2-CC8C-4E0E-A83B-2081BECA3CA9}"
EndProject
Global
	GlobalSection(SolutionConfigurationPlatforms) = preSolution
		Debug|Any CPU = Debug|Any CPU
		Release|Any CPU = Release|Any CPU
	EndGlobalSection
	GlobalSection(ProjectConfigurationPlatforms) = postSolution
		{B2F3674D-ADA3-4103-8162-4EA10A2CEA2E}.Debug|Any CPU.ActiveCfg = Debug|Any CPU
		{B2F3674D-ADA3-4103-8162-4EA10A2CEA2E}.Debug|Any CPU.Build.0 = Debug|Any CPU
		{B2F3674D-ADA3-4103-8162-4EA10A2CEA2E}.Release|Any CPU.ActiveCfg = Release|Any CPU
		{B2F3674D-ADA3-4103-8162-4EA10A2CEA2E}.Release|Any CPU.Build.0 = Release|Any CPU
		{A6CB21B2-CC8C-4E0E-A83B-2081BECA3CA9}.Debug|Any CPU.ActiveCfg = Debug|Any CPU
		{A6CB21B2-CC8C-4E0E-A83B-2081BECA3CA9}.Debug|Any CPU.Build.0 = Debug|Any CPU
		{A6CB21B2-CC8C-4E0E-A83B-2081BECA3CA9}.Release|Any CPU.ActiveCfg = Release|Any CPU
		{A6CB21B2-CC8C-4E0E-A83B-2081BECA3CA9}.Release|Any CPU.Build.0 = Release|Any CPU
	EndGlobalSection
	GlobalSection(SolutionProperties) = preSolution
		HideSolutionNode = FALSE
	EndGlobalSection
	GlobalSection(ExtensibilityGlobals) = postSolution
		SolutionGuid = {466B7957-8895-4C9F-BB30-508E75DA6F50}
	EndGlobalSection
EndGlobal
